
Microsoft Visual Studio Solution File, Format Version 12.00
# Visual Studio Version 17
VisualStudioVersion = 17.7.34018.315
MinimumVisualStudioVersion = 10.0.40219.1
Project("{FAE04EC0-301F-11D3-BF4B-00C04F79EFBC}") = "responsi2", "responsi2\responsi2.csproj", "{63C2B1BF-A910-4980-8099-E31A720255A9}"
EndProject
Global
	GlobalSection(SolutionConfigurationPlatforms) = preSolution
		Debug|Any CPU = Debug|Any CPU
		Release|Any CPU = Release|Any CPU
	EndGlobalSection
	GlobalSection(ProjectConfigurationPlatforms) = postSolution
		{63C2B1BF-A910-4980-8099-E31A720255A9}.Debug|Any CPU.ActiveCfg = Debug|Any CPU
		{63C2B1BF-A910-4980-8099-E31A720255A9}.Debug|Any CPU.Build.0 = Debug|Any CPU
		{63C2B1BF-A910-4980-8099-E31A720255A9}.Release|Any CPU.ActiveCfg = Release|Any CPU
		{63C2B1BF-A910-4980-8099-E31A720255A9}.Release|Any CPU.Build.0 = Release|Any CPU
	EndGlobalSection
	GlobalSection(SolutionProperties) = preSolution
		HideSolutionNode = FALSE
	EndGlobalSection
	GlobalSection(ExtensibilityGlobals) = postSolution
		SolutionGuid = {BDF168AB-4A92-4057-9B53-576F8FD75938}
	EndGlobalSection
EndGlobal
